{
  "version": 4,
  "terraform_version": "1.4.0",
  "serial": 19,
  "lineage": "663d03a6-0777-9797-a61e-f1c205bcd2d8",
  "outputs": {
    "mynic_id": {
      "value": "/subscriptions/12b6c156-e77f-454a-994e-5537a2eaaa45/resourceGroups/my-test-lab/providers/Microsoft.Network/networkInterfaces/nic1",
      "type": "string"
    }
  },
  "resources": [
    {
      "mode": "managed",
      "type": "azurerm_resource_group",
      "name": "myrg",
      "provider": "provider[\"registry.terraform.io/hashicorp/azurerm\"]",
      "instances": [
        {
          "schema_version": 0,
          "attributes": {
            "id": "/subscriptions/12b6c156-e77f-454a-994e-5537a2eaaa45/resourceGroups/my-test-lab",
            "location": "westeurope",
            "name": "my-test-lab",
            "tags": {},
            "timeouts": null
          },
          "sensitive_attributes": [],
          "private": "eyJlMmJmYjczMC1lY2FhLTExZTYtOGY4OC0zNDM2M2JjN2M0YzAiOnsiY3JlYXRlIjo1NDAwMDAwMDAwMDAwLCJkZWxldGUiOjU0MDAwMDAwMDAwMDAsInJlYWQiOjMwMDAwMDAwMDAwMCwidXBkYXRlIjo1NDAwMDAwMDAwMDAwfX0="
        }
      ]
    },
    {
      "module": "module.network",
      "mode": "managed",
      "type": "azurerm_network_interface",
      "name": "mynic",
      "provider": "provider[\"registry.terraform.io/hashicorp/azurerm\"]",
      "instances": [
        {
          "schema_version": 0,
          "attributes": {
            "applied_dns_servers": [],
            "dns_servers": [],
            "edge_zone": "",
            "enable_accelerated_networking": false,
            "enable_ip_forwarding": false,
            "id": "/subscriptions/12b6c156-e77f-454a-994e-5537a2eaaa45/resourceGroups/my-test-lab/providers/Microsoft.Network/networkInterfaces/nic1",
            "internal_dns_name_label": "",
            "internal_domain_name_suffix": "odjn015tkukuzfyrmqggewqv4b.ax.internal.cloudapp.net",
            "ip_configuration": [
              {
                "gateway_load_balancer_frontend_ip_configuration_id": "",
                "name": "pip-1",
                "primary": true,
                "private_ip_address": "10.25.0.4",
                "private_ip_address_allocation": "Dynamic",
                "private_ip_address_version": "IPv4",
                "public_ip_address_id": "/subscriptions/12b6c156-e77f-454a-994e-5537a2eaaa45/resourceGroups/my-test-lab/providers/Microsoft.Network/publicIPAddresses/public_ip_1",
                "subnet_id": "/subscriptions/12b6c156-e77f-454a-994e-5537a2eaaa45/resourceGroups/my-test-lab/providers/Microsoft.Network/virtualNetworks/my-test-vnet-1/subnets/my-test-snet-1"
              }
            ],
            "location": "westeurope",
            "mac_address": "60-45-BD-9D-E2-53",
            "name": "nic1",
            "private_ip_address": "10.25.0.4",
            "private_ip_addresses": [
              "10.25.0.4"
            ],
            "resource_group_name": "my-test-lab",
            "tags": {},
            "timeouts": null,
            "virtual_machine_id": "/subscriptions/12b6c156-e77f-454a-994e-5537a2eaaa45/resourceGroups/my-test-lab/providers/Microsoft.Compute/virtualMachines/vm1"
          },
          "sensitive_attributes": [],
          "private": "eyJlMmJmYjczMC1lY2FhLTExZTYtOGY4OC0zNDM2M2JjN2M0YzAiOnsiY3JlYXRlIjoxODAwMDAwMDAwMDAwLCJkZWxldGUiOjE4MDAwMDAwMDAwMDAsInJlYWQiOjMwMDAwMDAwMDAwMCwidXBkYXRlIjoxODAwMDAwMDAwMDAwfX0=",
          "dependencies": [
            "azurerm_resource_group.myrg",
            "module.network.azurerm_public_ip.mypub",
            "module.network.azurerm_subnet.mysub",
            "module.network.azurerm_virtual_network.myvnet"
          ]
        }
      ]
    },
    {
      "module": "module.network",
      "mode": "managed",
      "type": "azurerm_public_ip",
      "name": "mypub",
      "provider": "provider[\"registry.terraform.io/hashicorp/azurerm\"]",
      "instances": [
        {
          "schema_version": 0,
          "attributes": {
            "allocation_method": "Dynamic",
            "domain_name_label": null,
            "edge_zone": "",
            "fqdn": null,
            "id": "/subscriptions/12b6c156-e77f-454a-994e-5537a2eaaa45/resourceGroups/my-test-lab/providers/Microsoft.Network/publicIPAddresses/public_ip_1",
            "idle_timeout_in_minutes": 4,
            "ip_address": "13.95.130.48",
            "ip_tags": {},
            "ip_version": "IPv4",
            "location": "westeurope",
            "name": "public_ip_1",
            "public_ip_prefix_id": null,
            "resource_group_name": "my-test-lab",
            "reverse_fqdn": null,
            "sku": "Basic",
            "sku_tier": "Regional",
            "tags": {
              "environment": "Integ"
            },
            "timeouts": null,
            "zones": []
          },
          "sensitive_attributes": [],
          "private": "eyJlMmJmYjczMC1lY2FhLTExZTYtOGY4OC0zNDM2M2JjN2M0YzAiOnsiY3JlYXRlIjoxODAwMDAwMDAwMDAwLCJkZWxldGUiOjE4MDAwMDAwMDAwMDAsInJlYWQiOjMwMDAwMDAwMDAwMCwidXBkYXRlIjoxODAwMDAwMDAwMDAwfX0=",
          "dependencies": [
            "azurerm_resource_group.myrg",
            "module.network.azurerm_subnet.mysub",
            "module.network.azurerm_virtual_network.myvnet"
          ]
        }
      ]
    },
    {
      "module": "module.network",
      "mode": "managed",
      "type": "azurerm_subnet",
      "name": "mysub",
      "provider": "provider[\"registry.terraform.io/hashicorp/azurerm\"]",
      "instances": [
        {
          "schema_version": 0,
          "attributes": {
            "address_prefixes": [
              "10.25.0.0/26"
            ],
            "delegation": [],
            "enforce_private_link_endpoint_network_policies": false,
            "enforce_private_link_service_network_policies": false,
            "id": "/subscriptions/12b6c156-e77f-454a-994e-5537a2eaaa45/resourceGroups/my-test-lab/providers/Microsoft.Network/virtualNetworks/my-test-vnet-1/subnets/my-test-snet-1",
            "name": "my-test-snet-1",
            "resource_group_name": "my-test-lab",
            "service_endpoint_policy_ids": [],
            "service_endpoints": [],
            "timeouts": null,
            "virtual_network_name": "my-test-vnet-1"
          },
          "sensitive_attributes": [],
          "private": "eyJlMmJmYjczMC1lY2FhLTExZTYtOGY4OC0zNDM2M2JjN2M0YzAiOnsiY3JlYXRlIjoxODAwMDAwMDAwMDAwLCJkZWxldGUiOjE4MDAwMDAwMDAwMDAsInJlYWQiOjMwMDAwMDAwMDAwMCwidXBkYXRlIjoxODAwMDAwMDAwMDAwfX0=",
          "dependencies": [
            "azurerm_resource_group.myrg",
            "module.network.azurerm_virtual_network.myvnet"
          ]
        }
      ]
    },
    {
      "module": "module.network",
      "mode": "managed",
      "type": "azurerm_virtual_network",
      "name": "myvnet",
      "provider": "provider[\"registry.terraform.io/hashicorp/azurerm\"]",
      "instances": [
        {
          "schema_version": 0,
          "attributes": {
            "address_space": [
              "10.25.0.0/24"
            ],
            "bgp_community": "",
            "ddos_protection_plan": [],
            "dns_servers": [],
            "edge_zone": "",
            "flow_timeout_in_minutes": 0,
            "guid": "6fddd270-55f3-4c15-9711-640c625a15f1",
            "id": "/subscriptions/12b6c156-e77f-454a-994e-5537a2eaaa45/resourceGroups/my-test-lab/providers/Microsoft.Network/virtualNetworks/my-test-vnet-1",
            "location": "westeurope",
            "name": "my-test-vnet-1",
            "resource_group_name": "my-test-lab",
            "subnet": [
              {
                "address_prefix": "10.25.0.0/26",
                "id": "/subscriptions/12b6c156-e77f-454a-994e-5537a2eaaa45/resourceGroups/my-test-lab/providers/Microsoft.Network/virtualNetworks/my-test-vnet-1/subnets/my-test-snet-1",
                "name": "my-test-snet-1",
                "security_group": ""
              }
            ],
            "tags": {
              "Application": "Test_App",
              "CreatedBy": "terraform",
              "environment": "Dev"
            },
            "timeouts": null
          },
          "sensitive_attributes": [],
          "private": "eyJlMmJmYjczMC1lY2FhLTExZTYtOGY4OC0zNDM2M2JjN2M0YzAiOnsiY3JlYXRlIjoxODAwMDAwMDAwMDAwLCJkZWxldGUiOjE4MDAwMDAwMDAwMDAsInJlYWQiOjMwMDAwMDAwMDAwMCwidXBkYXRlIjoxODAwMDAwMDAwMDAwfX0=",
          "dependencies": [
            "azurerm_resource_group.myrg"
          ]
        }
      ]
    },
    {
      "module": "module.vm",
      "mode": "managed",
      "type": "azurerm_linux_virtual_machine",
      "name": "myvm",
      "provider": "provider[\"registry.terraform.io/hashicorp/azurerm\"]",
      "instances": [
        {
          "schema_version": 0,
          "attributes": {
            "additional_capabilities": [],
            "admin_password": null,
            "admin_ssh_key": [
              {
                "public_key": "ssh-rsa AAAAB3NzaC1yc2EAAAADAQABAAABgQDftZexnraePlL73wmcQ90FILzxgRT2jCmxyHlGTA08oc4jYdj4l690xNxD45uNHFD3pKl1T1vwW1aycJS+iGfb6sYpj2UgitYhKdkH6PZZLM9AZNgowNth4MPlDk6wV3tVU9ZMinJSkW44dGLe9NM5zah5rwxe9OfTPBGwKtqEiBPNyW4d05B296E3s9RKnCDlhgVIKe8bYMk5GYfI2Xg8BYmpTWqX4EuAqZ4F/Q4vPTPwmy2h9PnBIHTR2EV/nkfXwMvcwrI7EOa+1/ldvIVZQ+pABh84TCnU3ifj8sz5xfc7JHnpeYSdR0RgP/qPfpcoXhGLDsiUlKdNFXKPZbKjI/GvK2nNIhB9fqcPnL0gBEhFA2y5jXY0jHxLEH3Fe+91zZgeb9cWDnaFuucslADzmnZs5sOOGjWBT2Yy/1B4pq/gViuMTgDk7F8665TC7qNrC00x5f3acn5RG0K9Oh8+ITFwxIoUyiXNbZk9EgmG5+tK9JIylR+anGFCUb9vOCs= nileshhabib@Nileshs-MacBook-Pro.local\n",
                "username": "manage"
              }
            ],
            "admin_username": "manage",
            "allow_extension_operations": true,
            "availability_set_id": "",
            "boot_diagnostics": [],
            "computer_name": "vm1",
            "custom_data": null,
            "dedicated_host_group_id": "",
            "dedicated_host_id": "",
            "disable_password_authentication": true,
            "edge_zone": "",
            "encryption_at_host_enabled": false,
            "eviction_policy": "",
            "extensions_time_budget": "PT1H30M",
            "id": "/subscriptions/12b6c156-e77f-454a-994e-5537a2eaaa45/resourceGroups/my-test-lab/providers/Microsoft.Compute/virtualMachines/vm1",
            "identity": [],
            "license_type": "",
            "location": "westeurope",
            "max_bid_price": -1,
            "name": "vm1",
            "network_interface_ids": [
              "/subscriptions/12b6c156-e77f-454a-994e-5537a2eaaa45/resourceGroups/my-test-lab/providers/Microsoft.Network/networkInterfaces/nic1"
            ],
            "os_disk": [
              {
                "caching": "ReadWrite",
                "diff_disk_settings": [],
                "disk_encryption_set_id": "",
                "disk_size_gb": 30,
                "name": "vm1_OsDisk_1_f1184dfe4ffe45efb3433a722db8a494",
                "storage_account_type": "Premium_LRS",
                "write_accelerator_enabled": false
              }
            ],
            "patch_mode": "ImageDefault",
            "plan": [],
            "platform_fault_domain": -1,
            "priority": "Regular",
            "private_ip_address": "10.25.0.4",
            "private_ip_addresses": [
              "10.25.0.4"
            ],
            "provision_vm_agent": true,
            "proximity_placement_group_id": "",
            "public_ip_address": "13.95.130.48",
            "public_ip_addresses": [
              "13.95.130.48"
            ],
            "resource_group_name": "my-test-lab",
            "secret": [],
            "secure_boot_enabled": false,
            "size": "Standard_DS1_v2",
            "source_image_id": "",
            "source_image_reference": [
              {
                "offer": "0001-com-ubuntu-server-focal",
                "publisher": "Canonical",
                "sku": "20_04-lts-gen2",
                "version": "20.04.202209200"
              }
            ],
            "tags": {
              "created_by": "Terraform_Pune_DevOps",
              "environment": "Dev"
            },
            "termination_notification": [],
            "timeouts": null,
            "user_data": "",
            "virtual_machine_id": "3f73d8b2-3be7-4117-b1d1-ffaafa1465ca",
            "virtual_machine_scale_set_id": "",
            "vtpm_enabled": false,
            "zone": ""
          },
          "sensitive_attributes": [],
          "private": "eyJlMmJmYjczMC1lY2FhLTExZTYtOGY4OC0zNDM2M2JjN2M0YzAiOnsiY3JlYXRlIjoyNzAwMDAwMDAwMDAwLCJkZWxldGUiOjI3MDAwMDAwMDAwMDAsInJlYWQiOjMwMDAwMDAwMDAwMCwidXBkYXRlIjoyNzAwMDAwMDAwMDAwfX0=",
          "dependencies": [
            "azurerm_resource_group.myrg",
            "module.network.azurerm_network_interface.mynic",
            "module.network.azurerm_public_ip.mypub",
            "module.network.azurerm_subnet.mysub",
            "module.network.azurerm_virtual_network.myvnet"
          ]
        }
      ]
    },
    {
      "module": "module.vm",
      "mode": "managed",
      "type": "azurerm_managed_disk",
      "name": "mydisk",
      "provider": "provider[\"registry.terraform.io/hashicorp/azurerm\"]",
      "instances": [
        {
          "schema_version": 0,
          "attributes": {
            "create_option": "Empty",
            "disk_access_id": "",
            "disk_encryption_set_id": "",
            "disk_iops_read_only": 0,
            "disk_iops_read_write": 240,
            "disk_mbps_read_only": 0,
            "disk_mbps_read_write": 50,
            "disk_size_gb": 64,
            "edge_zone": "",
            "encryption_settings": [],
            "gallery_image_reference_id": "",
            "hyper_v_generation": "",
            "id": "/subscriptions/12b6c156-e77f-454a-994e-5537a2eaaa45/resourceGroups/my-test-lab/providers/Microsoft.Compute/disks/disk1",
            "image_reference_id": "",
            "location": "westeurope",
            "logical_sector_size": null,
            "max_shares": 0,
            "name": "disk1",
            "network_access_policy": null,
            "on_demand_bursting_enabled": false,
            "os_type": "",
            "public_network_access_enabled": true,
            "resource_group_name": "my-test-lab",
            "source_resource_id": "",
            "source_uri": "",
            "storage_account_id": "",
            "storage_account_type": "Premium_LRS",
            "tags": {
              "environment": "Dev"
            },
            "tier": "P6",
            "timeouts": null,
            "trusted_launch_enabled": false,
            "zone": ""
          },
          "sensitive_attributes": [],
          "private": "eyJlMmJmYjczMC1lY2FhLTExZTYtOGY4OC0zNDM2M2JjN2M0YzAiOnsiY3JlYXRlIjoxODAwMDAwMDAwMDAwLCJkZWxldGUiOjE4MDAwMDAwMDAwMDAsInJlYWQiOjMwMDAwMDAwMDAwMCwidXBkYXRlIjoxODAwMDAwMDAwMDAwfX0=",
          "dependencies": [
            "azurerm_resource_group.myrg",
            "module.network.azurerm_network_interface.mynic",
            "module.network.azurerm_public_ip.mypub",
            "module.network.azurerm_subnet.mysub",
            "module.network.azurerm_virtual_network.myvnet"
          ]
        }
      ]
    },
    {
      "module": "module.vm",
      "mode": "managed",
      "type": "azurerm_network_interface_security_group_association",
      "name": "myasso",
      "provider": "provider[\"registry.terraform.io/hashicorp/azurerm\"]",
      "instances": [
        {
          "schema_version": 0,
          "attributes": {
            "id": "/subscriptions/12b6c156-e77f-454a-994e-5537a2eaaa45/resourceGroups/my-test-lab/providers/Microsoft.Network/networkInterfaces/nic1|/subscriptions/12b6c156-e77f-454a-994e-5537a2eaaa45/resourceGroups/my-test-lab/providers/Microsoft.Network/networkSecurityGroups/nsg1",
            "network_interface_id": "/subscriptions/12b6c156-e77f-454a-994e-5537a2eaaa45/resourceGroups/my-test-lab/providers/Microsoft.Network/networkInterfaces/nic1",
            "network_security_group_id": "/subscriptions/12b6c156-e77f-454a-994e-5537a2eaaa45/resourceGroups/my-test-lab/providers/Microsoft.Network/networkSecurityGroups/nsg1",
            "timeouts": null
          },
          "sensitive_attributes": [],
          "private": "eyJlMmJmYjczMC1lY2FhLTExZTYtOGY4OC0zNDM2M2JjN2M0YzAiOnsiY3JlYXRlIjoxODAwMDAwMDAwMDAwLCJkZWxldGUiOjE4MDAwMDAwMDAwMDAsInJlYWQiOjMwMDAwMDAwMDAwMCwidXBkYXRlIjoxODAwMDAwMDAwMDAwfX0=",
          "dependencies": [
            "azurerm_resource_group.myrg",
            "module.network.azurerm_network_interface.mynic",
            "module.network.azurerm_public_ip.mypub",
            "module.network.azurerm_subnet.mysub",
            "module.network.azurerm_virtual_network.myvnet",
            "module.vm.azurerm_network_security_group.mynsg"
          ]
        }
      ]
    },
    {
      "module": "module.vm",
      "mode": "managed",
      "type": "azurerm_network_security_group",
      "name": "mynsg",
      "provider": "provider[\"registry.terraform.io/hashicorp/azurerm\"]",
      "instances": [
        {
          "schema_version": 0,
          "attributes": {
            "id": "/subscriptions/12b6c156-e77f-454a-994e-5537a2eaaa45/resourceGroups/my-test-lab/providers/Microsoft.Network/networkSecurityGroups/nsg1",
            "location": "westeurope",
            "name": "nsg1",
            "resource_group_name": "my-test-lab",
            "security_rule": [
              {
                "access": "Allow",
                "description": "",
                "destination_address_prefix": "*",
                "destination_address_prefixes": [],
                "destination_application_security_group_ids": [],
                "destination_port_range": "22",
                "destination_port_ranges": [],
                "direction": "Inbound",
                "name": "managedOpenVPN",
                "priority": 100,
                "protocol": "Tcp",
                "source_address_prefix": "20.16.113.10/32",
                "source_address_prefixes": [],
                "source_application_security_group_ids": [],
                "source_port_range": "*",
                "source_port_ranges": []
              }
            ],
            "tags": {
              "environment": "Dev"
            },
            "timeouts": null
          },
          "sensitive_attributes": [],
          "private": "eyJlMmJmYjczMC1lY2FhLTExZTYtOGY4OC0zNDM2M2JjN2M0YzAiOnsiY3JlYXRlIjoxODAwMDAwMDAwMDAwLCJkZWxldGUiOjE4MDAwMDAwMDAwMDAsInJlYWQiOjMwMDAwMDAwMDAwMCwidXBkYXRlIjoxODAwMDAwMDAwMDAwfX0=",
          "dependencies": [
            "azurerm_resource_group.myrg",
            "module.network.azurerm_network_interface.mynic",
            "module.network.azurerm_public_ip.mypub",
            "module.network.azurerm_subnet.mysub",
            "module.network.azurerm_virtual_network.myvnet"
          ]
        }
      ]
    },
    {
      "module": "module.vm",
      "mode": "managed",
      "type": "azurerm_virtual_machine_data_disk_attachment",
      "name": "mount_disk1",
      "provider": "provider[\"registry.terraform.io/hashicorp/azurerm\"]",
      "instances": [
        {
          "schema_version": 0,
          "attributes": {
            "caching": "ReadWrite",
            "create_option": "Attach",
            "id": "/subscriptions/12b6c156-e77f-454a-994e-5537a2eaaa45/resourceGroups/my-test-lab/providers/Microsoft.Compute/virtualMachines/vm1/dataDisks/disk1",
            "lun": 0,
            "managed_disk_id": "/subscriptions/12b6c156-e77f-454a-994e-5537a2eaaa45/resourceGroups/my-test-lab/providers/Microsoft.Compute/disks/disk1",
            "timeouts": null,
            "virtual_machine_id": "/subscriptions/12b6c156-e77f-454a-994e-5537a2eaaa45/resourceGroups/my-test-lab/providers/Microsoft.Compute/virtualMachines/vm1",
            "write_accelerator_enabled": false
          },
          "sensitive_attributes": [],
          "private": "eyJlMmJmYjczMC1lY2FhLTExZTYtOGY4OC0zNDM2M2JjN2M0YzAiOnsiY3JlYXRlIjoxODAwMDAwMDAwMDAwLCJkZWxldGUiOjE4MDAwMDAwMDAwMDAsInJlYWQiOjMwMDAwMDAwMDAwMCwidXBkYXRlIjoxODAwMDAwMDAwMDAwfX0=",
          "dependencies": [
            "azurerm_resource_group.myrg",
            "module.network.azurerm_network_interface.mynic",
            "module.network.azurerm_public_ip.mypub",
            "module.network.azurerm_subnet.mysub",
            "module.network.azurerm_virtual_network.myvnet",
            "module.vm.azurerm_linux_virtual_machine.myvm",
            "module.vm.azurerm_managed_disk.mydisk"
          ]
        }
      ]
    }
  ],
  "check_results": null
}
